{
  "name": "nekoprofilegenerator",
  "version": "1.0.0",
  "lockfileVersion": 3,
  "requires": true,
  "packages": {
    "": {
      "name": "nekoprofilegenerator",
      "version": "1.0.0",
      "license": "ISC",
      "dependencies": {
        "nekos-best.js": "^6.5.0"
      }
    },
    "node_modules/nekos-best.js": {
      "version": "6.5.0",
      "resolved": "https://registry.npmjs.org/nekos-best.js/-/nekos-best.js-6.5.0.tgz",
      "integrity": "sha512-awMqarNdayYl2N+BwTbTq43eqYNcSSwqk5MJdE9ktxequfv2YYy2xhLVfE/w9YeAwAqros68F/VvDxXDpBkGHQ==",
      "license": "MIT",
      "engines": {
        "node": ">=22"
      }
    }
  }
}
